
Microsoft Visual Studio Solution File, Format Version 12.00
# Visual Studio 15
VisualStudioVersion = 15.0.28307.489
MinimumVisualStudioVersion = 10.0.40219.1
Project("{FAE04EC0-301F-11D3-BF4B-00C04F79EFBC}") = "Lap03_nhom", "Lap03_nhom\Lap03_nhom.csproj", "{6ED0A131-C78F-42B6-AF11-EEADF4DA59D5}"
EndProject
Global
	GlobalSection(SolutionConfigurationPlatforms) = preSolution
		Debug|Any CPU = Debug|Any CPU
		Release|Any CPU = Release|Any CPU
	EndGlobalSection
	GlobalSection(ProjectConfigurationPlatforms) = postSolution
		{6ED0A131-C78F-42B6-AF11-EEADF4DA59D5}.Debug|Any CPU.ActiveCfg = Debug|Any CPU
		{6ED0A131-C78F-42B6-AF11-EEADF4DA59D5}.Debug|Any CPU.Build.0 = Debug|Any CPU
		{6ED0A131-C78F-42B6-AF11-EEADF4DA59D5}.Release|Any CPU.ActiveCfg = Release|Any CPU
		{6ED0A131-C78F-42B6-AF11-EEADF4DA59D5}.Release|Any CPU.Build.0 = Release|Any CPU
	EndGlobalSection
	GlobalSection(SolutionProperties) = preSolution
		HideSolutionNode = FALSE
	EndGlobalSection
	GlobalSection(ExtensibilityGlobals) = postSolution
		SolutionGuid = {B62F34A7-F8F2-40B2-828A-6EC81FADDF37}
	EndGlobalSection
EndGlobal
